
Microsoft Visual Studio Solution File, Format Version 12.00
# Visual Studio Version 17
VisualStudioVersion = 17.9.34607.119
MinimumVisualStudioVersion = 10.0.40219.1
Project("{9A19103F-16F7-4668-BE54-9A1E7A4F7556}") = "brandom", "brandom.csproj", "{F28C32FE-DEE5-463D-A430-BFD7CF182F1D}"
EndProject
Global
	GlobalSection(SolutionConfigurationPlatforms) = preSolution
		Debug|Any CPU = Debug|Any CPU
		Release|Any CPU = Release|Any CPU
	EndGlobalSection
	GlobalSection(ProjectConfigurationPlatforms) = postSolution
		{F28C32FE-DEE5-463D-A430-BFD7CF182F1D}.Debug|Any CPU.ActiveCfg = Debug|Any CPU
		{F28C32FE-DEE5-463D-A430-BFD7CF182F1D}.Debug|Any CPU.Build.0 = Debug|Any CPU
		{F28C32FE-DEE5-463D-A430-BFD7CF182F1D}.Release|Any CPU.ActiveCfg = Release|Any CPU
		{F28C32FE-DEE5-463D-A430-BFD7CF182F1D}.Release|Any CPU.Build.0 = Release|Any CPU
	EndGlobalSection
	GlobalSection(SolutionProperties) = preSolution
		HideSolutionNode = FALSE
	EndGlobalSection
	GlobalSection(ExtensibilityGlobals) = postSolution
		SolutionGuid = {C7DA4C65-C00F-4715-9762-3B194266858D}
	EndGlobalSection
EndGlobal
